
Microsoft Visual Studio Solution File, Format Version 12.00
# Visual Studio Version 17
VisualStudioVersion = 17.4.33213.308
MinimumVisualStudioVersion = 10.0.40219.1
Project("{9A19103F-16F7-4668-BE54-9A1E7A4F7556}") = "BUHALOVO", "BUHALOVO\BUHALOVO.csproj", "{A9A2B22C-D9A9-43B7-8F05-D74E3A480E70}"
EndProject
Project("{9A19103F-16F7-4668-BE54-9A1E7A4F7556}") = "JsonLib", "JsonLib\JsonLib.csproj", "{8E63C69C-BBF4-4DCC-80B9-985A367B452D}"
EndProject
Project("{FAE04EC0-301F-11D3-BF4B-00C04F79EFBC}") = "MyConverters", "MyConverters\MyConverters.csproj", "{3CDFE47B-FA6B-436F-B342-E3EDBF632CDB}"
EndProject
Global
	GlobalSection(SolutionConfigurationPlatforms) = preSolution
		Debug|Any CPU = Debug|Any CPU
		Release|Any CPU = Release|Any CPU
	EndGlobalSection
	GlobalSection(ProjectConfigurationPlatforms) = postSolution
		{A9A2B22C-D9A9-43B7-8F05-D74E3A480E70}.Debug|Any CPU.ActiveCfg = Debug|Any CPU
		{A9A2B22C-D9A9-43B7-8F05-D74E3A480E70}.Debug|Any CPU.Build.0 = Debug|Any CPU
		{A9A2B22C-D9A9-43B7-8F05-D74E3A480E70}.Release|Any CPU.ActiveCfg = Release|Any CPU
		{A9A2B22C-D9A9-43B7-8F05-D74E3A480E70}.Release|Any CPU.Build.0 = Release|Any CPU
		{8E63C69C-BBF4-4DCC-80B9-985A367B452D}.Debug|Any CPU.ActiveCfg = Debug|Any CPU
		{8E63C69C-BBF4-4DCC-80B9-985A367B452D}.Debug|Any CPU.Build.0 = Debug|Any CPU
		{8E63C69C-BBF4-4DCC-80B9-985A367B452D}.Release|Any CPU.ActiveCfg = Release|Any CPU
		{8E63C69C-BBF4-4DCC-80B9-985A367B452D}.Release|Any CPU.Build.0 = Release|Any CPU
		{3CDFE47B-FA6B-436F-B342-E3EDBF632CDB}.Debug|Any CPU.ActiveCfg = Debug|Any CPU
		{3CDFE47B-FA6B-436F-B342-E3EDBF632CDB}.Debug|Any CPU.Build.0 = Debug|Any CPU
		{3CDFE47B-FA6B-436F-B342-E3EDBF632CDB}.Release|Any CPU.ActiveCfg = Release|Any CPU
		{3CDFE47B-FA6B-436F-B342-E3EDBF632CDB}.Release|Any CPU.Build.0 = Release|Any CPU
	EndGlobalSection
	GlobalSection(SolutionProperties) = preSolution
		HideSolutionNode = FALSE
	EndGlobalSection
	GlobalSection(ExtensibilityGlobals) = postSolution
		SolutionGuid = {C7B33E93-C4CA-4C92-B3F3-AED6CDAFF928}
	EndGlobalSection
EndGlobal
